// !$*UTF8*$!
{
	archiveVersion = 1;
	classes = {
	};
	objectVersion = 46;
	objects = {

/* Begin PBXBuildFile section */
		61A1A9DD1D110720006B3C9E /* main.m in Sources */ = {isa = PBXBuildFile; fileRef = 61A1A9DC1D110720006B3C9E /* main.m */; };
		61A1A9E01D110720006B3C9E /* AppDelegate.m in Sources */ = {isa = PBXBuildFile; fileRef = 61A1A9DF1D110720006B3C9E /* AppDelegate.m */; };
		61A1A9E31D110720006B3C9E /* ViewController.m in Sources */ = {isa = PBXBuildFile; fileRef = 61A1A9E21D110720006B3C9E /* ViewController.m */; };
		61A1A9E61D110720006B3C9E /* Main.storyboard in Resources */ = {isa = PBXBuildFile; fileRef = 61A1A9E41D110720006B3C9E /* Main.storyboard */; };
		61A1A9E81D110720006B3C9E /* Assets.xcassets in Resources */ = {isa = PBXBuildFile; fileRef = 61A1A9E71D110720006B3C9E /* Assets.xcassets */; };
		61A1A9EB1D110720006B3C9E /* LaunchScreen.storyboard in Resources */ = {isa = PBXBuildFile; fileRef = 61A1A9E91D110720006B3C9E /* LaunchScreen.storyboard */; };
		61A1A9F81D110819006B3C9E /* TJAdressView.m in Sources */ = {isa = PBXBuildFile; fileRef = 61A1A9F41D110819006B3C9E /* TJAdressView.m */; };
		61A1A9F91D110819006B3C9E /* TJCell.m in Sources */ = {isa = PBXBuildFile; fileRef = 61A1A9F61D110819006B3C9E /* TJCell.m */; };
		61A1A9FA1D110819006B3C9E /* TJCell.xib in Resources */ = {isa = PBXBuildFile; fileRef = 61A1A9F71D110819006B3C9E /* TJCell.xib */; };
/* End PBXBuildFile section */

/* Begin PBXFileReference section */
		61A1A9D81D110720006B3C9E /* TJSelectorDemo.app */ = {isa = PBXFileReference; explicitFileType = wrapper.application; includeInIndex = 0; path = TJSelectorDemo.app; sourceTree = BUILT_PRODUCTS_DIR; };
		61A1A9DC1D110720006B3C9E /* main.m */ = {isa = PBXFileReference; lastKnownFileType = sourcecode.c.objc; path = main.m; sourceTree = "<group>"; };
		61A1A9DE1D110720006B3C9E /* AppDelegate.h */ = {isa = PBXFileReference; lastKnownFileType = sourcecode.c.h; path = AppDelegate.h; sourceTree = "<group>"; };
		61A1A9DF1D110720006B3C9E /* AppDelegate.m */ = {isa = PBXFileReference; lastKnownFileType = sourcecode.c.objc; path = AppDelegate.m; sourceTree = "<group>"; };
		61A1A9E11D110720006B3C9E /* ViewController.h */ = {isa = PBXFileReference; lastKnownFileType = sourcecode.c.h; path = ViewController.h; sourceTree = "<group>"; };
		61A1A9E21D110720006B3C9E /* ViewController.m */ = {isa = PBXFileReference; lastKnownFileType = sourcecode.c.objc; path = ViewController.m; sourceTree = "<group>"; };
		61A1A9E51D110720006B3C9E /* Base */ = {isa = PBXFileReference; lastKnownFileType = file.storyboard; name = Base; path = Base.lproj/Main.storyboard; sourceTree = "<group>"; };
		61A1A9E71D110720006B3C9E /* Assets.xcassets */ = {isa = PBXFileReference; lastKnownFileType = folder.assetcatalog; path = Assets.xcassets; sourceTree = "<group>"; };
		61A1A9EA1D110720006B3C9E /* Base */ = {isa = PBXFileReference; lastKnownFileType = file.storyboard; name = Base; path = Base.lproj/LaunchScreen.storyboard; sourceTree = "<group>"; };
		61A1A9EC1D110720006B3C9E /* Info.plist */ = {isa = PBXFileReference; lastKnownFileType = text.plist.xml; path = Info.plist; sourceTree = "<group>"; };
		61A1A9F31D110819006B3C9E /* TJAdressView.h */ = {isa = PBXFileReference; fileEncoding = 4; lastKnownFileType = sourcecode.c.h; path = TJAdressView.h; sourceTree = "<group>"; };
		61A1A9F41D110819006B3C9E /* TJAdressView.m */ = {isa = PBXFileReference; fileEncoding = 4; lastKnownFileType = sourcecode.c.objc; path = TJAdressView.m; sourceTree = "<group>"; };
		61A1A9F51D110819006B3C9E /* TJCell.h */ = {isa = PBXFileReference; fileEncoding = 4; lastKnownFileType = sourcecode.c.h; path = TJCell.h; sourceTree = "<group>"; };
		61A1A9F61D110819006B3C9E /* TJCell.m */ = {isa = PBXFileReference; fileEncoding = 4; lastKnownFileType = sourcecode.c.objc; path = TJCell.m; sourceTree = "<group>"; };
		61A1A9F71D110819006B3C9E /* TJCell.xib */ = {isa = PBXFileReference; fileEncoding = 4; lastKnownFileType = file.xib; path = TJCell.xib; sourceTree = "<group>"; };
/* End PBXFileReference section */

/* Begin PBXFrameworksBuildPhase section */
		61A1A9D51D110720006B3C9E /* Frameworks */ = {
			isa = PBXFrameworksBuildPhase;
			buildActionMask = 2147483647;
			files = (
			);
			runOnlyForDeploymentPostprocessing = 0;
		};
/* End PBXFrameworksBuildPhase section */

/* Begin PBXGroup section */
		61A1A9CF1D110720006B3C9E = {
			isa = PBXGroup;
			children = (
				61A1A9DA1D110720006B3C9E /* TJSelectorDemo */,
				61A1A9D91D110720006B3C9E /* Products */,
			);
			sourceTree = "<group>";
		};
		61A1A9D91D110720006B3C9E /* Products */ = {
			isa = PBXGroup;
			children = (
				61A1A9D81D110720006B3C9E /* TJSelectorDemo.app */,
			);
			name = Products;
			sourceTree = "<group>";
		};
		61A1A9DA1D110720006B3C9E /* TJSelectorDemo */ = {
			isa = PBXGroup;
			children = (
				61A1A9F21D110819006B3C9E /* TJSelector */,
				61A1A9DE1D110720006B3C9E /* AppDelegate.h */,
				61A1A9DF1D110720006B3C9E /* AppDelegate.m */,
				61A1A9E11D110720006B3C9E /* ViewController.h */,
				61A1A9E21D110720006B3C9E /* ViewController.m */,
				61A1A9E41D110720006B3C9E /* Main.storyboard */,
				61A1A9E71D110720006B3C9E /* Assets.xcassets */,
				61A1A9E91D110720006B3C9E /* LaunchScreen.storyboard */,
				61A1A9EC1D110720006B3C9E /* Info.plist */,
				61A1A9DB1D110720006B3C9E /* Supporting Files */,
			);
			path = TJSelectorDemo;
			sourceTree = "<group>";
		};
		61A1A9DB1D110720006B3C9E /* Supporting Files */ = {
			isa = PBXGroup;
			children = (
				61A1A9DC1D110720006B3C9E /* main.m */,
			);
			name = "Supporting Files";
			sourceTree = "<group>";
		};
		61A1A9F21D110819006B3C9E /* TJSelector */ = {
			isa = PBXGroup;
			children = (
				61A1A9F31D110819006B3C9E /* TJAdressView.h */,
				61A1A9F41D110819006B3C9E /* TJAdressView.m */,
				61A1A9F51D110819006B3C9E /* TJCell.h */,
				61A1A9F61D110819006B3C9E /* TJCell.m */,
				61A1A9F71D110819006B3C9E /* TJCell.xib */,
			);
			path = TJSelector;
			sourceTree = "<group>";
		};
/* End PBXGroup section */

/* Begin PBXNativeTarget section */
		61A1A9D71D110720006B3C9E /* TJSelectorDemo */ = {
			isa = PBXNativeTarget;
			buildConfigurationList = 61A1A9EF1D110720006B3C9E /* Build configuration list for PBXNativeTarget "TJSelectorDemo" */;
			buildPhases = (
				61A1A9D41D110720006B3C9E /* Sources */,
				61A1A9D51D110720006B3C9E /* Frameworks */,
				61A1A9D61D110720006B3C9E /* Resources */,
			);
			buildRules = (
			);
			dependencies = (
			);
			name = TJSelectorDemo;
			productName = TJSelectorDemo;
			productReference = 61A1A9D81D110720006B3C9E /* TJSelectorDemo.app */;
			productType = "com.apple.product-type.application";
		};
/* End PBXNativeTarget section */

/* Begin PBXProject section */
		61A1A9D01D110720006B3C9E /* Project object */ = {
			isa = PBXProject;
			attributes = {
				LastUpgradeCheck = 0730;
				ORGANIZATIONNAME = Joshpell;
				TargetAttributes = {
					61A1A9D71D110720006B3C9E = {
						CreatedOnToolsVersion = 7.3;
					};
				};
			};
			buildConfigurationList = 61A1A9D31D110720006B3C9E /* Build configuration list for PBXProject "TJSelectorDemo" */;
			compatibilityVersion = "Xcode 3.2";
			developmentRegion = English;
			hasScannedForEncodings = 0;
			knownRegions = (
				en,
				Base,
			);
			mainGroup = 61A1A9CF1D110720006B3C9E;
			productRefGroup = 61A1A9D91D110720006B3C9E /* Products */;
			projectDirPath = "";
			projectRoot = "";
			targets = (
				61A1A9D71D110720006B3C9E /* TJSelectorDemo */,
			);
		};
/* End PBXProject section */

/* Begin PBXResourcesBuildPhase section */
		61A1A9D61D110720006B3C9E /* Resources */ = {
			isa = PBXResourcesBuildPhase;
			buildActionMask = 2147483647;
			files = (
				61A1A9EB1D110720006B3C9E /* LaunchScreen.storyboard in Resources */,
				61A1A9FA1D110819006B3C9E /* TJCell.xib in Resources */,
				61A1A9E81D110720006B3C9E /* Assets.xcassets in Resources */,
				61A1A9E61D110720006B3C9E /* Main.storyboard in Resources */,
			);
			runOnlyForDeploymentPostprocessing = 0;
		};
/* End PBXResourcesBuildPhase section */

/* Begin PBXSourcesBuildPhase section */
		61A1A9D41D110720006B3C9E /* Sources */ = {
			isa = PBXSourcesBuildPhase;
			buildActionMask = 2147483647;
			files = (
				61A1A9F81D110819006B3C9E /* TJAdressView.m in Sources */,
				61A1A9E31D110720006B3C9E /* ViewController.m in Sources */,
				61A1A9E01D110720006B3C9E /* AppDelegate.m in Sources */,
				61A1A9F91D110819006B3C9E /* TJCell.m in Sources */,
				61A1A9DD1D110720006B3C9E /* main.m in Sources */,
			);
			runOnlyForDeploymentPostprocessing = 0;
		};
/* End PBXSourcesBuildPhase section */

/* Begin PBXVariantGroup section */
		61A1A9E41D110720006B3C9E /* Main.storyboard */ = {
			isa = PBXVariantGroup;
			children = (
				61A1A9E51D110720006B3C9E /* Base */,
			);
			name = Main.storyboard;
			sourceTree = "<group>";
		};
		61A1A9E91D110720006B3C9E /* LaunchScreen.storyboard */ = {
			isa = PBXVariantGroup;
			children = (
				61A1A9EA1D110720006B3C9E /* Base */,
			);
			name = LaunchScreen.storyboard;
			sourceTree = "<group>";
		};
/* End PBXVariantGroup section */

/* Begin XCBuildConfiguration section */
		61A1A9ED1D110720006B3C9E /* Debug */ = {
			isa = XCBuildConfiguration;
			buildSettings = {
				ALWAYS_SEARCH_USER_PATHS = NO;
				CLANG_ANALYZER_NONNULL = YES;
				CLANG_CXX_LANGUAGE_STANDARD = "gnu++0x";
				CLANG_CXX_LIBRARY = "libc++";
				CLANG_ENABLE_MODULES = YES;
				CLANG_ENABLE_OBJC_ARC = YES;
				CLANG_WARN_BOOL_CONVERSION = YES;
				CLANG_WARN_CONSTANT_CONVERSION = YES;
				CLANG_WARN_DIRECT_OBJC_ISA_USAGE = YES_ERROR;
				CLANG_WARN_EMPTY_BODY = YES;
				CLANG_WARN_ENUM_CONVERSION = YES;
				CLANG_WARN_INT_CONVERSION = YES;
				CLANG_WARN_OBJC_ROOT_CLASS = YES_ERROR;
				CLANG_WARN_UNREACHABLE_CODE = YES;
				CLANG_WARN__DUPLICATE_METHOD_MATCH = YES;
				"CODE_SIGN_IDENTITY[sdk=iphoneos*]" = "iPhone Developer";
				COPY_PHASE_STRIP = NO;
				DEBUG_INFORMATION_FORMAT = dwarf;
				ENABLE_STRICT_OBJC_MSGSEND = YES;
				ENABLE_TESTABILITY = YES;
				GCC_C_LANGUAGE_STANDARD = gnu99;
				GCC_DYNAMIC_NO_PIC = NO;
				GCC_NO_COMMON_BLOCKS = YES;
				GCC_OPTIMIZATION_LEVEL = 0;
				GCC_PREPROCESSOR_DEFINITIONS = (
					"DEBUG=1",
					"$(inherited)",
				);
				GCC_WARN_64_TO_32_BIT_CONVERSION = YES;
				GCC_WARN_ABOUT_RETURN_TYPE = YES_ERROR;
				GCC_WARN_UNDECLARED_SELECTOR = YES;
				GCC_WARN_UNINITIALIZED_AUTOS = YES_AGGRESSIVE;
				GCC_WARN_UNUSED_FUNCTION = YES;
				GCC_WARN_UNUSED_VARIABLE = YES;
				IPHONEOS_DEPLOYMENT_TARGET = 9.3;
				MTL_ENABLE_DEBUG_INFO = YES;
				ONLY_ACTIVE_ARCH = YES;
				SDKROOT = iphoneos;
			};
			name = Debug;
		};
		61A1A9EE1D110720006B3C9E /* Release */ = {
			isa = XCBuildConfiguration;
			buildSettings = {
				ALWAYS_SEARCH_USER_PATHS = NO;
				CLANG_ANALYZER_NONNULL = YES;
				CLANG_CXX_LANGUAGE_STANDARD = "gnu++0x";
				CLANG_CXX_LIBRARY = "libc++";
				CLANG_ENABLE_MODULES = YES;
				CLANG_ENABLE_OBJC_ARC = YES;
				CLANG_WARN_BOOL_CONVERSION = YES;
				CLANG_WARN_CONSTANT_CONVERSION = YES;
				CLANG_WARN_DIRECT_OBJC_ISA_USAGE = YES_ERROR;
				CLANG_WARN_EMPTY_BODY = YES;
				CLANG_WARN_ENUM_CONVERSION = YES;
				CLANG_WARN_INT_CONVERSION = YES;
				CLANG_WARN_OBJC_ROOT_CLASS = YES_ERROR;
				CLANG_WARN_UNREACHABLE_CODE = YES;
				CLANG_WARN__DUPLICATE_METHOD_MATCH = YES;
				"CODE_SIGN_IDENTITY[sdk=iphoneos*]" = "iPhone Developer";
				COPY_PHASE_STRIP = NO;
				DEBUG_INFORMATION_FORMAT = "dwarf-with-dsym";
				ENABLE_NS_ASSERTIONS = NO;
				ENABLE_STRICT_OBJC_MSGSEND = YES;
				GCC_C_LANGUAGE_STANDARD = gnu99;
				GCC_NO_COMMON_BLOCKS = YES;
				GCC_WARN_64_TO_32_BIT_CONVERSION = YES;
				GCC_WARN_ABOUT_RETURN_TYPE = YES_ERROR;
				GCC_WARN_UNDECLARED_SELECTOR = YES;
				GCC_WARN_UNINITIALIZED_AUTOS = YES_AGGRESSIVE;
				GCC_WARN_UNUSED_FUNCTION = YES;
				GCC_WARN_UNUSED_VARIABLE = YES;
				IPHONEOS_DEPLOYMENT_TARGET = 9.3;
				MTL_ENABLE_DEBUG_INFO = NO;
				SDKROOT = iphoneos;
				VALIDATE_PRODUCT = YES;
			};
			name = Release;
		};
		61A1A9F01D110720006B3C9E /* Debug */ = {
			isa = XCBuildConfiguration;
			buildSettings = {
				ASSETCATALOG_COMPILER_APPICON_NAME = AppIcon;
				CODE_SIGN_IDENTITY = "iPhone Developer";
				INFOPLIST_FILE = TJSelectorDemo/Info.plist;
				LD_RUNPATH_SEARCH_PATHS = "$(inherited) @executable_path/Frameworks";
				PRODUCT_BUNDLE_IDENTIFIER = cn.Joshpell.TJSelectorDemo;
				PRODUCT_NAME = "$(TARGET_NAME)";
			};
			name = Debug;
		};
		61A1A9F11D110720006B3C9E /* Release */ = {
			isa = XCBuildConfiguration;
			buildSettings = {
				ASSETCATALOG_COMPILER_APPICON_NAME = AppIcon;
				CODE_SIGN_IDENTITY = "iPhone Developer";
				INFOPLIST_FILE = TJSelectorDemo/Info.plist;
				LD_RUNPATH_SEARCH_PATHS = "$(inherited) @executable_path/Frameworks";
				PRODUCT_BUNDLE_IDENTIFIER = cn.Joshpell.TJSelectorDemo;
				PRODUCT_NAME = "$(TARGET_NAME)";
			};
			name = Release;
		};
/* End XCBuildConfiguration section */

/* Begin XCConfigurationList section */
		61A1A9D31D110720006B3C9E /* Build configuration list for PBXProject "TJSelectorDemo" */ = {
			isa = XCConfigurationList;
			buildConfigurations = (
				61A1A9ED1D110720006B3C9E /* Debug */,
				61A1A9EE1D110720006B3C9E /* Release */,
			);
			defaultConfigurationIsVisible = 0;
			defaultConfigurationName = Release;
		};
		61A1A9EF1D110720006B3C9E /* Build configuration list for PBXNativeTarget "TJSelectorDemo" */ = {
			isa = XCConfigurationList;
			buildConfigurations = (
				61A1A9F01D110720006B3C9E /* Debug */,
				61A1A9F11D110720006B3C9E /* Release */,
			);
			defaultConfigurationIsVisible = 0;
		};
/* End XCConfigurationList section */
	};
	rootObject = 61A1A9D01D110720006B3C9E /* Project object */;
}
